
Microsoft Visual Studio Solution File, Format Version 12.00
# Visual Studio 15
VisualStudioVersion = 15.0.27428.2043
MinimumVisualStudioVersion = 10.0.40219.1
Project("{FAE04EC0-301F-11D3-BF4B-00C04F79EFBC}") = "PhotonLoadbalancingApi", "PhotonLoadbalancingApi\PhotonLoadbalancingApi.csproj", "{BCDFE568-BB79-47E2-959A-4CC23C68DABA}"
EndProject
Project("{FAE04EC0-301F-11D3-BF4B-00C04F79EFBC}") = "MoaClientRobot", "MoaClientRobot\MoaClientRobot.csproj", "{660C6CAD-F22A-43F6-AD7F-FB52054BBC65}"
EndProject
Global
	GlobalSection(SolutionConfigurationPlatforms) = preSolution
		Debug|Any CPU = Debug|Any CPU
		Release|Any CPU = Release|Any CPU
	EndGlobalSection
	GlobalSection(ProjectConfigurationPlatforms) = postSolution
		{BCDFE568-BB79-47E2-959A-4CC23C68DABA}.Debug|Any CPU.ActiveCfg = Debug|Any CPU
		{BCDFE568-BB79-47E2-959A-4CC23C68DABA}.Debug|Any CPU.Build.0 = Debug|Any CPU
		{BCDFE568-BB79-47E2-959A-4CC23C68DABA}.Release|Any CPU.ActiveCfg = Release|Any CPU
		{BCDFE568-BB79-47E2-959A-4CC23C68DABA}.Release|Any CPU.Build.0 = Release|Any CPU
		{660C6CAD-F22A-43F6-AD7F-FB52054BBC65}.Debug|Any CPU.ActiveCfg = Debug|Any CPU
		{660C6CAD-F22A-43F6-AD7F-FB52054BBC65}.Debug|Any CPU.Build.0 = Debug|Any CPU
		{660C6CAD-F22A-43F6-AD7F-FB52054BBC65}.Release|Any CPU.ActiveCfg = Release|Any CPU
		{660C6CAD-F22A-43F6-AD7F-FB52054BBC65}.Release|Any CPU.Build.0 = Release|Any CPU
	EndGlobalSection
	GlobalSection(SolutionProperties) = preSolution
		HideSolutionNode = FALSE
	EndGlobalSection
	GlobalSection(ExtensibilityGlobals) = postSolution
		SolutionGuid = {AE38EFBA-A147-478B-AE39-8D7B0E8F01BD}
	EndGlobalSection
EndGlobal
